
Microsoft Visual Studio Solution File, Format Version 12.00
# Visual Studio Version 16
VisualStudioVersion = 25.0.1700.0
MinimumVisualStudioVersion = 10.0.40219.1
Project("{FAE04EC0-301F-11D3-BF4B-00C04F79EFBC}") = "SynAna", "SynAna\SynAna.csproj", "{423BC340-950F-4294-A963-C54B60E775F2}"
EndProject
Global
	GlobalSection(SolutionConfigurationPlatforms) = preSolution
		Debug|Any CPU = Debug|Any CPU
		Release|Any CPU = Release|Any CPU
	EndGlobalSection
	GlobalSection(ProjectConfigurationPlatforms) = postSolution
		{423BC340-950F-4294-A963-C54B60E775F2}.Debug|Any CPU.ActiveCfg = Debug|Any CPU
		{423BC340-950F-4294-A963-C54B60E775F2}.Debug|Any CPU.Build.0 = Debug|Any CPU
		{423BC340-950F-4294-A963-C54B60E775F2}.Release|Any CPU.ActiveCfg = Release|Any CPU
		{423BC340-950F-4294-A963-C54B60E775F2}.Release|Any CPU.Build.0 = Release|Any CPU
	EndGlobalSection
	GlobalSection(SolutionProperties) = preSolution
		HideSolutionNode = FALSE
	EndGlobalSection
	GlobalSection(ExtensibilityGlobals) = postSolution
		SolutionGuid = {1D1B1455-1B80-41B3-867C-511A4AFF85DA}
	EndGlobalSection
EndGlobal
